<?xml version="1.0" encoding="utf-8"?>
<Project ToolsVersion="4.0" xmlns="http://schemas.microsoft.com/developer/msbuild/2003">
  <ItemGroup>
    <Filter Include="Resource Files">
      <UniqueIdentifier>{67DA6AB6-F800-4c08-8B7A-83BB121AAD01}</UniqueIdentifier>
      <Extensions>rc;ico;cur;bmp;dlg;rc2;rct;bin;rgs;gif;jpg;jpeg;jpe;resx;tiff;tif;png;wav;mfcribbon-ms</Extensions>
    </Filter>
    <Filter Include="Board">
      <UniqueIdentifier>{cc3cab36-9e81-4a5a-a0e7-861f018be03a}</UniqueIdentifier>
    </Filter>
    <Filter Include="UI and Input">
      <UniqueIdentifier>{2b8adc5f-088a-4451-b125-2aab6c08f6d4}</UniqueIdentifier>
    </Filter>
    <Filter Include="Misc">
      <UniqueIdentifier>{23f9b2b3-df88-42d7-a152-316f954de055}</UniqueIdentifier>
    </Filter>
    <Filter Include="_Header Files">
      <UniqueIdentifier>{93995380-89BD-4b04-88EB-625FBE52EBFB}</UniqueIdentifier>
      <Extensions>h;hh;hpp;hxx;h++;hm;inl;inc;ipp;xsd</Extensions>
    </Filter>
    <Filter Include="_Header Files\AI">
      <UniqueIdentifier>{bc4a4226-7e8c-479e-b64d-f6fafbacd781}</UniqueIdentifier>
    </Filter>
    <Filter Include="_Source Files">
      <UniqueIdentifier>{4FC737F1-C7A5-4376-A066-2A32D752A2FF}</UniqueIdentifier>
      <Extensions>cpp;c;cc;cxx;c++;cppm;ixx;def;odl;idl;hpj;bat;asm;asmx</Extensions>
    </Filter>
    <Filter Include="_Source Files\AI">
      <UniqueIdentifier>{8ce31279-d04d-4312-be7a-928e1f647ca2}</UniqueIdentifier>
    </Filter>
  </ItemGroup>
  <ItemGroup>
    <ClCompile Include="..\main.cpp">
      <Filter>_Source Files</Filter>
    </ClCompile>
    <ClCompile Include="..\src\MoveGenerator.cpp">
      <Filter>_Source Files\AI</Filter>
    </ClCompile>
    <ClCompile Include="..\src\AI.cpp">
      <Filter>_Source Files\AI</Filter>
    </ClCompile>
    <ClCompile Include="..\src\Piece.cpp">
      <Filter>Board</Filter>
    </ClCompile>
    <ClCompile Include="..\src\Position.cpp">
      <Filter>Board</Filter>
    </ClCompile>
    <ClCompile Include="..\src\ZobristHashing.cpp">
      <Filter>Board</Filter>
    </ClCompile>
    <ClCompile Include="..\src\Move.cpp">
      <Filter>Board</Filter>
    </ClCompile>
    <ClCompile Include="..\src\World.cpp">
      <Filter>UI and Input</Filter>
    </ClCompile>
    <ClCompile Include="..\src\Presenter.cpp">
      <Filter>UI and Input</Filter>
    </ClCompile>
    <ClCompile Include="..\src\InputManager.cpp">
      <Filter>UI and Input</Filter>
    </ClCompile>
    <ClCompile Include="..\src\GraphicBoard.cpp">
      <Filter>UI and Input</Filter>
    </ClCompile>
    <ClCompile Include="..\src\Drawable.cpp">
      <Filter>UI and Input</Filter>
    </ClCompile>
    <ClCompile Include="..\src\TranspositionTable.cpp">
      <Filter>_Source Files\AI</Filter>
    </ClCompile>
    <ClCompile Include="..\src\Globals.cpp">
      <Filter>UI and Input</Filter>
    </ClCompile>
    <ClCompile Include="..\src\TestManager.cpp">
      <Filter>Misc</Filter>
    </ClCompile>
    <ClCompile Include="..\src\PrecomputedData.cpp">
      <Filter>Misc</Filter>
    </ClCompile>
    <ClCompile Include="..\src\misc.cpp">
      <Filter>Misc</Filter>
    </ClCompile>
    <ClCompile Include="..\src\GameManager.cpp">
      <Filter>UI and Input</Filter>
    </ClCompile>
  </ItemGroup>
  <ItemGroup>
    <ClInclude Include="..\include\MoveGenerator.h">
      <Filter>_Header Files\AI</Filter>
    </ClInclude>
    <ClInclude Include="..\include\AI.h">
      <Filter>_Header Files\AI</Filter>
    </ClInclude>
    <ClInclude Include="..\include\ZobristHashing.h">
      <Filter>Board</Filter>
    </ClInclude>
    <ClInclude Include="..\include\Position.h">
      <Filter>Board</Filter>
    </ClInclude>
    <ClInclude Include="..\include\Piece.h">
      <Filter>Board</Filter>
    </ClInclude>
    <ClInclude Include="..\include\Move.h">
      <Filter>Board</Filter>
    </ClInclude>
    <ClInclude Include="..\include\World.h">
      <Filter>UI and Input</Filter>
    </ClInclude>
    <ClInclude Include="..\include\Presenter.h">
      <Filter>UI and Input</Filter>
    </ClInclude>
    <ClInclude Include="..\include\InputManager.h">
      <Filter>UI and Input</Filter>
    </ClInclude>
    <ClInclude Include="..\include\GraphicBoard.h">
      <Filter>UI and Input</Filter>
    </ClInclude>
    <ClInclude Include="..\include\Drawable.h">
      <Filter>UI and Input</Filter>
    </ClInclude>
    <ClInclude Include="..\include\TranspositionTable.h">
      <Filter>_Header Files\AI</Filter>
    </ClInclude>
    <ClInclude Include="..\include\Globals.h">
      <Filter>UI and Input</Filter>
    </ClInclude>
    <ClInclude Include="..\include\TestManager.h">
      <Filter>Misc</Filter>
    </ClInclude>
    <ClInclude Include="..\include\PrecomputedData.h">
      <Filter>Misc</Filter>
    </ClInclude>
    <ClInclude Include="..\include\misc.h">
      <Filter>Misc</Filter>
    </ClInclude>
    <ClInclude Include="..\include\GameManager.h">
      <Filter>UI and Input</Filter>
    </ClInclude>
  </ItemGroup>
</Project>